{
    "hash": "9de53cee8dd0ef1bb0027c920060113f",
    "packages": [
        {
            "package": "Respect/Validation",
            "version": "0.4.4"
        },
        {
            "package": "dotty/dotty",
            "version": "v0.0.5"
        },
        {
            "package": "monolog/monolog",
            "version": "1.1.0"
        }
    ],
    "packages-dev": null,
    "aliases": [

    ],
    "minimum-stability": "stable",
    "stability-flags": [

    ]
}
