{
    "hash": "5a815f8289a8aff2221df19c77c67728",
    "packages": [
        {
            "package": "dotty/dotty",
            "version": "v0.0.4"
        },
        {
            "package": "monolog/monolog",
            "version": "1.1.0"
        }
    ],
    "packages-dev": null,
    "aliases": [

    ],
    "minimum-stability": "stable",
    "stability-flags": [

    ]
}
